
Microsoft Visual Studio Solution File, Format Version 12.00
# Visual Studio Version 16
VisualStudioVersion = 16.0.30621.155
MinimumVisualStudioVersion = 10.0.40219.1
Project("{9A19103F-16F7-4668-BE54-9A1E7A4F7556}") = "GUI", "GUI\GUI.csproj", "{6C6222DB-2C19-4FAA-8651-98A6417F077A}"
EndProject
Project("{2150E333-8FDC-42A3-9474-1A3956D46DE8}") = "Solution Items", "Solution Items", "{7D50DE0B-B154-4250-867C-728E59104D55}"
	ProjectSection(SolutionItems) = preProject
		Cassandra_Ustawienia.txt = Cassandra_Ustawienia.txt
	EndProjectSection
EndProject
Global
	GlobalSection(SolutionConfigurationPlatforms) = preSolution
		Debug|Any CPU = Debug|Any CPU
		Release|Any CPU = Release|Any CPU
	EndGlobalSection
	GlobalSection(ProjectConfigurationPlatforms) = postSolution
		{6C6222DB-2C19-4FAA-8651-98A6417F077A}.Debug|Any CPU.ActiveCfg = Debug|Any CPU
		{6C6222DB-2C19-4FAA-8651-98A6417F077A}.Debug|Any CPU.Build.0 = Debug|Any CPU
		{6C6222DB-2C19-4FAA-8651-98A6417F077A}.Release|Any CPU.ActiveCfg = Release|Any CPU
		{6C6222DB-2C19-4FAA-8651-98A6417F077A}.Release|Any CPU.Build.0 = Release|Any CPU
	EndGlobalSection
	GlobalSection(SolutionProperties) = preSolution
		HideSolutionNode = FALSE
	EndGlobalSection
	GlobalSection(ExtensibilityGlobals) = postSolution
		SolutionGuid = {E6E016D7-B0B9-4DD3-982C-C587E0E87CF2}
	EndGlobalSection
EndGlobal
