
Microsoft Visual Studio Solution File, Format Version 12.00
# Visual Studio Version 16
VisualStudioVersion = 16.0.31019.35
MinimumVisualStudioVersion = 10.0.40219.1
Project("{9A19103F-16F7-4668-BE54-9A1E7A4F7556}") = "gRPCproto", "gRPCproto\gRPCproto.csproj", "{C6AC89F4-1944-463E-B081-60F5DC7C4215}"
EndProject
Project("{FAE04EC0-301F-11D3-BF4B-00C04F79EFBC}") = "gRPCserver", "gRPCserver\gRPCserver.csproj", "{EF3F3A48-696B-4CAE-8108-222FB19790D3}"
EndProject
Project("{FAE04EC0-301F-11D3-BF4B-00C04F79EFBC}") = "gRPCclient", "gRPCclient\gRPCclient.csproj", "{08C3F5F7-3BC2-4899-AF85-1A655B259517}"
EndProject
Global
	GlobalSection(SolutionConfigurationPlatforms) = preSolution
		Debug|Any CPU = Debug|Any CPU
		Release|Any CPU = Release|Any CPU
	EndGlobalSection
	GlobalSection(ProjectConfigurationPlatforms) = postSolution
		{C6AC89F4-1944-463E-B081-60F5DC7C4215}.Debug|Any CPU.ActiveCfg = Debug|Any CPU
		{C6AC89F4-1944-463E-B081-60F5DC7C4215}.Debug|Any CPU.Build.0 = Debug|Any CPU
		{C6AC89F4-1944-463E-B081-60F5DC7C4215}.Release|Any CPU.ActiveCfg = Release|Any CPU
		{C6AC89F4-1944-463E-B081-60F5DC7C4215}.Release|Any CPU.Build.0 = Release|Any CPU
		{EF3F3A48-696B-4CAE-8108-222FB19790D3}.Debug|Any CPU.ActiveCfg = Debug|Any CPU
		{EF3F3A48-696B-4CAE-8108-222FB19790D3}.Debug|Any CPU.Build.0 = Debug|Any CPU
		{EF3F3A48-696B-4CAE-8108-222FB19790D3}.Release|Any CPU.ActiveCfg = Release|Any CPU
		{EF3F3A48-696B-4CAE-8108-222FB19790D3}.Release|Any CPU.Build.0 = Release|Any CPU
		{08C3F5F7-3BC2-4899-AF85-1A655B259517}.Debug|Any CPU.ActiveCfg = Debug|Any CPU
		{08C3F5F7-3BC2-4899-AF85-1A655B259517}.Debug|Any CPU.Build.0 = Debug|Any CPU
		{08C3F5F7-3BC2-4899-AF85-1A655B259517}.Release|Any CPU.ActiveCfg = Release|Any CPU
		{08C3F5F7-3BC2-4899-AF85-1A655B259517}.Release|Any CPU.Build.0 = Release|Any CPU
	EndGlobalSection
	GlobalSection(SolutionProperties) = preSolution
		HideSolutionNode = FALSE
	EndGlobalSection
	GlobalSection(ExtensibilityGlobals) = postSolution
		SolutionGuid = {E498D5D9-E2DF-49AD-ADE0-3FCF4AFF94A4}
	EndGlobalSection
EndGlobal
